# THIS IS AN AUTOGENERATED FILE. DO NOT EDIT THIS FILE DIRECTLY.
# yarn lockfile v1


scorm-api@^1.0.6:
  version "1.0.6"
  resolved "https://registry.yarnpkg.com/scorm-api/-/scorm-api-1.0.6.tgz#7738239d0b1aadd68312bc0ba8f399518f00e71a"
  integrity sha512-mMCJVBpowcvLJONa+I+DqTA4aaAXD7+xhSG9UMaZtZSDRIpbVUTiM7FnszYISS5Wr1mcgnbARa9SXhr2XxY7Fw==

scorm@^1.0.0:
  version "1.0.0"
  resolved "https://registry.yarnpkg.com/scorm/-/scorm-1.0.0.tgz#a4d2e60c9a702fe25f0caf40ba9448ef24e54c4c"
  integrity sha1-pNLmDJpwL+JfDK9AupRI7yTlTEw=
